
Microsoft Visual Studio Solution File, Format Version 12.00
# Visual Studio Version 17
VisualStudioVersion = 17.2.32519.379
MinimumVisualStudioVersion = 10.0.40219.1
Project("{FAE04EC0-301F-11D3-BF4B-00C04F79EFBC}") = "Registro_de_Ponto", "Registro_de_Ponto\Registro_de_Ponto.csproj", "{1C946AFE-D902-4537-9D59-A7584EB84D90}"
EndProject
Global
	GlobalSection(SolutionConfigurationPlatforms) = preSolution
		Debug|Any CPU = Debug|Any CPU
		Release|Any CPU = Release|Any CPU
	EndGlobalSection
	GlobalSection(ProjectConfigurationPlatforms) = postSolution
		{1C946AFE-D902-4537-9D59-A7584EB84D90}.Debug|Any CPU.ActiveCfg = Debug|Any CPU
		{1C946AFE-D902-4537-9D59-A7584EB84D90}.Debug|Any CPU.Build.0 = Debug|Any CPU
		{1C946AFE-D902-4537-9D59-A7584EB84D90}.Release|Any CPU.ActiveCfg = Release|Any CPU
		{1C946AFE-D902-4537-9D59-A7584EB84D90}.Release|Any CPU.Build.0 = Release|Any CPU
	EndGlobalSection
	GlobalSection(SolutionProperties) = preSolution
		HideSolutionNode = FALSE
	EndGlobalSection
	GlobalSection(ExtensibilityGlobals) = postSolution
		SolutionGuid = {343254F1-6D68-4882-B15F-CBFABD38F7C3}
	EndGlobalSection
EndGlobal
